
Microsoft Visual Studio Solution File, Format Version 12.00
# Visual Studio 15
VisualStudioVersion = 15.0.28010.2046
MinimumVisualStudioVersion = 10.0.40219.1
Project("{FAE04EC0-301F-11D3-BF4B-00C04F79EFBC}") = "MyFirstAppMVC", "MyFirstAppMVC\MyFirstAppMVC.csproj", "{4C6FF608-7446-450D-A650-55213B904590}"
EndProject
Global
	GlobalSection(SolutionConfigurationPlatforms) = preSolution
		Debug|Any CPU = Debug|Any CPU
		Release|Any CPU = Release|Any CPU
	EndGlobalSection
	GlobalSection(ProjectConfigurationPlatforms) = postSolution
		{4C6FF608-7446-450D-A650-55213B904590}.Debug|Any CPU.ActiveCfg = Debug|Any CPU
		{4C6FF608-7446-450D-A650-55213B904590}.Debug|Any CPU.Build.0 = Debug|Any CPU
		{4C6FF608-7446-450D-A650-55213B904590}.Release|Any CPU.ActiveCfg = Release|Any CPU
		{4C6FF608-7446-450D-A650-55213B904590}.Release|Any CPU.Build.0 = Release|Any CPU
	EndGlobalSection
	GlobalSection(SolutionProperties) = preSolution
		HideSolutionNode = FALSE
	EndGlobalSection
	GlobalSection(ExtensibilityGlobals) = postSolution
		SolutionGuid = {70432FB3-E681-48AF-8FD6-DF3A0F3C8D96}
	EndGlobalSection
EndGlobal
