
Microsoft Visual Studio Solution File, Format Version 12.00
# Visual Studio 15
VisualStudioVersion = 15.0.28010.2046
MinimumVisualStudioVersion = 10.0.40219.1
Project("{2150E333-8FDC-42A3-9474-1A3956D46DE8}") = "1 - Presentation", "1 - Presentation", "{D2B61E3F-4A3B-4FD3-A88E-13FFCE3721E6}"
EndProject
Project("{2150E333-8FDC-42A3-9474-1A3956D46DE8}") = "2 - Services", "2 - Services", "{90284D1E-B4CA-46F5-ACC1-74EBC8669573}"
EndProject
Project("{2150E333-8FDC-42A3-9474-1A3956D46DE8}") = "3 - Application", "3 - Application", "{20965168-67B1-4071-927D-AD28D900B2EF}"
EndProject
Project("{2150E333-8FDC-42A3-9474-1A3956D46DE8}") = "4 - Domain", "4 - Domain", "{CE1F091A-0C06-4A64-ACCA-9FC1079341C1}"
EndProject
Project("{2150E333-8FDC-42A3-9474-1A3956D46DE8}") = "5 - INfra", "5 - INfra", "{9A3047AB-373C-4CC6-86E0-1A6315593FD9}"
EndProject
Project("{2150E333-8FDC-42A3-9474-1A3956D46DE8}") = "5.1 - Data", "5.1 - Data", "{F2BD01BD-01BC-4A92-B8F5-8A11AA6B0EFE}"
EndProject
Project("{2150E333-8FDC-42A3-9474-1A3956D46DE8}") = "5.2 - CrossCutting", "5.2 - CrossCutting", "{51A25950-AD71-4A6B-8721-C02120F7AFF5}"
EndProject
Project("{FAE04EC0-301F-11D3-BF4B-00C04F79EFBC}") = "SEFAZ.CursoMVC.Domain", "src\SEFAZ.CursoMVC.Domain\SEFAZ.CursoMVC.Domain.csproj", "{84495C8B-E34A-4644-880E-446F64761966}"
EndProject
Project("{FAE04EC0-301F-11D3-BF4B-00C04F79EFBC}") = "SEFAZ.CursoMVC.Infra.Data", "src\SEFAZ.CursoMVC.Infra.Data\SEFAZ.CursoMVC.Infra.Data.csproj", "{96BA8E19-FC2C-4F2C-99AB-55B769C6DB53}"
EndProject
Project("{FAE04EC0-301F-11D3-BF4B-00C04F79EFBC}") = "SEFAZ.CursoMVC.UI", "src\SEFAZ.CursoMVC.UI\SEFAZ.CursoMVC.UI.csproj", "{10AEEA8C-018A-4DDE-B1D4-66196A1781D1}"
EndProject
Project("{FAE04EC0-301F-11D3-BF4B-00C04F79EFBC}") = "SEFAZ.CursoMVC.Application", "src\SEFAZ.CursoMVC\SEFAZ.CursoMVC.Application.csproj", "{1DB58387-B571-4398-9402-263ED00B2E3D}"
EndProject
Global
	GlobalSection(SolutionConfigurationPlatforms) = preSolution
		Debug|Any CPU = Debug|Any CPU
		Release|Any CPU = Release|Any CPU
	EndGlobalSection
	GlobalSection(ProjectConfigurationPlatforms) = postSolution
		{84495C8B-E34A-4644-880E-446F64761966}.Debug|Any CPU.ActiveCfg = Debug|Any CPU
		{84495C8B-E34A-4644-880E-446F64761966}.Debug|Any CPU.Build.0 = Debug|Any CPU
		{84495C8B-E34A-4644-880E-446F64761966}.Release|Any CPU.ActiveCfg = Release|Any CPU
		{84495C8B-E34A-4644-880E-446F64761966}.Release|Any CPU.Build.0 = Release|Any CPU
		{96BA8E19-FC2C-4F2C-99AB-55B769C6DB53}.Debug|Any CPU.ActiveCfg = Debug|Any CPU
		{96BA8E19-FC2C-4F2C-99AB-55B769C6DB53}.Debug|Any CPU.Build.0 = Debug|Any CPU
		{96BA8E19-FC2C-4F2C-99AB-55B769C6DB53}.Release|Any CPU.ActiveCfg = Release|Any CPU
		{96BA8E19-FC2C-4F2C-99AB-55B769C6DB53}.Release|Any CPU.Build.0 = Release|Any CPU
		{10AEEA8C-018A-4DDE-B1D4-66196A1781D1}.Debug|Any CPU.ActiveCfg = Debug|Any CPU
		{10AEEA8C-018A-4DDE-B1D4-66196A1781D1}.Debug|Any CPU.Build.0 = Debug|Any CPU
		{10AEEA8C-018A-4DDE-B1D4-66196A1781D1}.Release|Any CPU.ActiveCfg = Release|Any CPU
		{10AEEA8C-018A-4DDE-B1D4-66196A1781D1}.Release|Any CPU.Build.0 = Release|Any CPU
		{1DB58387-B571-4398-9402-263ED00B2E3D}.Debug|Any CPU.ActiveCfg = Debug|Any CPU
		{1DB58387-B571-4398-9402-263ED00B2E3D}.Debug|Any CPU.Build.0 = Debug|Any CPU
		{1DB58387-B571-4398-9402-263ED00B2E3D}.Release|Any CPU.ActiveCfg = Release|Any CPU
		{1DB58387-B571-4398-9402-263ED00B2E3D}.Release|Any CPU.Build.0 = Release|Any CPU
	EndGlobalSection
	GlobalSection(SolutionProperties) = preSolution
		HideSolutionNode = FALSE
	EndGlobalSection
	GlobalSection(NestedProjects) = preSolution
		{F2BD01BD-01BC-4A92-B8F5-8A11AA6B0EFE} = {9A3047AB-373C-4CC6-86E0-1A6315593FD9}
		{51A25950-AD71-4A6B-8721-C02120F7AFF5} = {9A3047AB-373C-4CC6-86E0-1A6315593FD9}
		{84495C8B-E34A-4644-880E-446F64761966} = {CE1F091A-0C06-4A64-ACCA-9FC1079341C1}
		{96BA8E19-FC2C-4F2C-99AB-55B769C6DB53} = {F2BD01BD-01BC-4A92-B8F5-8A11AA6B0EFE}
		{10AEEA8C-018A-4DDE-B1D4-66196A1781D1} = {D2B61E3F-4A3B-4FD3-A88E-13FFCE3721E6}
		{1DB58387-B571-4398-9402-263ED00B2E3D} = {20965168-67B1-4071-927D-AD28D900B2EF}
	EndGlobalSection
	GlobalSection(ExtensibilityGlobals) = postSolution
		SolutionGuid = {E445B448-3C64-4FC8-ADD0-20C29D3B4636}
	EndGlobalSection
EndGlobal
